{
  "name": "express-web-server-static-content",
  "version": "0.0.0",
  "lockfileVersion": 1,
  "requires": true,
  "dependencies": {
    "@sindresorhus/is": {
      "version": "4.6.0",
      "resolved": "https://globaldevtools.bbva.com/artifactory/api/npm/npm-repo/@sindresorhus/is/-/is-4.6.0.tgz",
      "integrity": "sha1-PHycRuZ4/u/nouW7YJ09vWZf+z8="
    },
    "@szmarczak/http-timer": {
      "version": "4.0.6",
      "resolved": "https://globaldevtools.bbva.com/artifactory/api/npm/npm-repo/@szmarczak/http-timer/-/http-timer-4.0.6.tgz",
      "integrity": "sha1-tKkUu2LnwnLU5Zif5EQPgSqx2Ac=",
      "requires": {
        "defer-to-connect": "^2.0.0"
      }
    },
    "@types/cacheable-request": {
      "version": "6.0.2",
      "resolved": "https://globaldevtools.bbva.com/artifactory/api/npm/npm-repo/@types/cacheable-request/-/cacheable-request-6.0.2.tgz",
      "integrity": "sha1-wyTaAZfeCpiiMSFWU2riYkKf9rk=",
      "requires": {
        "@types/http-cache-semantics": "*",
        "@types/keyv": "*",
        "@types/node": "*",
        "@types/responselike": "*"
      }
    },
    "@types/http-cache-semantics": {
      "version": "4.0.1",
      "resolved": "https://globaldevtools.bbva.com/artifactory/api/npm/npm-repo/@types/http-cache-semantics/-/http-cache-semantics-4.0.1.tgz",
      "integrity": "sha1-Dqe2FJaQK5WJDcTDoRa2DLja6BI="
    },
    "@types/keyv": {
      "version": "3.1.4",
      "resolved": "https://globaldevtools.bbva.com/artifactory/api/npm/npm-repo/@types/keyv/-/keyv-3.1.4.tgz",
      "integrity": "sha1-PM2xxnUbDH5SMAvNrNW8v4+qdbY=",
      "requires": {
        "@types/node": "*"
      }
    },
    "@types/node": {
      "version": "18.8.3",
      "resolved": "https://globaldevtools.bbva.com/artifactory/api/npm/npm-repo/@types/node/-/node-18.8.3.tgz",
      "integrity": "sha1-znUKtAF+/6Ua7WpyMGUXeNVOMnw="
    },
    "@types/responselike": {
      "version": "1.0.0",
      "resolved": "https://globaldevtools.bbva.com/artifactory/api/npm/npm-repo/@types/responselike/-/responselike-1.0.0.tgz",
      "integrity": "sha1-JR9P59FU0rrRJavhtCmyOv0mLik=",
      "requires": {
        "@types/node": "*"
      }
    },
    "accepts": {
      "version": "1.3.8",
      "resolved": "https://globaldevtools.bbva.com/artifactory/api/npm/npm-repo/accepts/-/accepts-1.3.8.tgz",
      "integrity": "sha1-C/C+EltnAUrcsLCSHmLbe//hay4=",
      "requires": {
        "mime-types": "~2.1.34",
        "negotiator": "0.6.3"
      }
    },
    "array-flatten": {
      "version": "1.1.1",
      "resolved": "https://globaldevtools.bbva.com/artifactory/api/npm/npm-repo/array-flatten/-/array-flatten-1.1.1.tgz",
      "integrity": "sha1-ml9pkFGx5wczKPKgCJaLZOopVdI="
    },
    "basic-auth": {
      "version": "2.0.1",
      "resolved": "https://globaldevtools.bbva.com/artifactory/api/npm/npm-repo/basic-auth/-/basic-auth-2.0.1.tgz",
      "integrity": "sha1-uZgnm/R844NEtPPPkW1Gebv1Hjo=",
      "requires": {
        "safe-buffer": "5.1.2"
      }
    },
    "body-parser": {
      "version": "1.18.3",
      "resolved": "https://globaldevtools.bbva.com/artifactory/api/npm/npm-repo/body-parser/-/body-parser-1.18.3.tgz",
      "integrity": "sha1-WykhmP/dVTs6DyDe0FkrlWlVyLQ=",
      "requires": {
        "bytes": "3.0.0",
        "content-type": "~1.0.4",
        "debug": "2.6.9",
        "depd": "~1.1.2",
        "http-errors": "~1.6.3",
        "iconv-lite": "0.4.23",
        "on-finished": "~2.3.0",
        "qs": "6.5.2",
        "raw-body": "2.3.3",
        "type-is": "~1.6.16"
      }
    },
    "bytes": {
      "version": "3.0.0",
      "resolved": "https://globaldevtools.bbva.com/artifactory/api/npm/npm-repo/bytes/-/bytes-3.0.0.tgz",
      "integrity": "sha1-0ygVQE1olpn4Wk6k+odV3ROpYEg="
    },
    "cacheable-lookup": {
      "version": "5.0.4",
      "resolved": "https://globaldevtools.bbva.com/artifactory/api/npm/npm-repo/cacheable-lookup/-/cacheable-lookup-5.0.4.tgz",
      "integrity": "sha1-WmuGWyxENXvj1evCpGewMnGacAU="
    },
    "cacheable-request": {
      "version": "7.0.2",
      "resolved": "https://globaldevtools.bbva.com/artifactory/api/npm/npm-repo/cacheable-request/-/cacheable-request-7.0.2.tgz",
      "integrity": "sha1-6g0LiJNkolhUdXMByhKy2nf5HSc=",
      "requires": {
        "clone-response": "^1.0.2",
        "get-stream": "^5.1.0",
        "http-cache-semantics": "^4.0.0",
        "keyv": "^4.0.0",
        "lowercase-keys": "^2.0.0",
        "normalize-url": "^6.0.1",
        "responselike": "^2.0.0"
      }
    },
    "clone-response": {
      "version": "1.0.3",
      "resolved": "https://globaldevtools.bbva.com/artifactory/api/npm/npm-repo/clone-response/-/clone-response-1.0.3.tgz",
      "integrity": "sha1-ryAyqkeBY5nPXwodDbkC9ReruMM=",
      "requires": {
        "mimic-response": "^1.0.0"
      }
    },
    "content-disposition": {
      "version": "0.5.2",
      "resolved": "https://globaldevtools.bbva.com/artifactory/api/npm/npm-repo/content-disposition/-/content-disposition-0.5.2.tgz",
      "integrity": "sha1-DPaLud318r55YcOoUXjLhdunjLQ="
    },
    "content-type": {
      "version": "1.0.4",
      "resolved": "https://globaldevtools.bbva.com/artifactory/api/npm/npm-repo/content-type/-/content-type-1.0.4.tgz",
      "integrity": "sha1-4TjMdeBAxyexlm/l5fjJruJW/js="
    },
    "cookie": {
      "version": "0.4.1",
      "resolved": "https://globaldevtools.bbva.com/artifactory/api/npm/npm-repo/cookie/-/cookie-0.4.1.tgz",
      "integrity": "sha1-r9cT/ibr0hupXOth+agRblClN9E="
    },
    "cookie-parser": {
      "version": "1.4.6",
      "resolved": "https://globaldevtools.bbva.com/artifactory/api/npm/npm-repo/cookie-parser/-/cookie-parser-1.4.6.tgz",
      "integrity": "sha1-OsOn01p6A7vH42UHOiYHSCQhRZQ=",
      "requires": {
        "cookie": "0.4.1",
        "cookie-signature": "1.0.6"
      }
    },
    "cookie-signature": {
      "version": "1.0.6",
      "resolved": "https://globaldevtools.bbva.com/artifactory/api/npm/npm-repo/cookie-signature/-/cookie-signature-1.0.6.tgz",
      "integrity": "sha1-4wOogrNCzD7oylE6eZmXNNqzriw="
    },
    "debug": {
      "version": "2.6.9",
      "resolved": "https://globaldevtools.bbva.com/artifactory/api/npm/npm-repo/debug/-/debug-2.6.9.tgz",
      "integrity": "sha1-XRKFFd8TT/Mn6QpMk/Tgd6U2NB8=",
      "requires": {
        "ms": "2.0.0"
      }
    },
    "decompress-response": {
      "version": "6.0.0",
      "resolved": "https://globaldevtools.bbva.com/artifactory/api/npm/npm-repo/decompress-response/-/decompress-response-6.0.0.tgz",
      "integrity": "sha1-yjh2Et234QS9FthaqwDV7PCcZvw=",
      "requires": {
        "mimic-response": "^3.1.0"
      },
      "dependencies": {
        "mimic-response": {
          "version": "3.1.0",
          "resolved": "https://globaldevtools.bbva.com/artifactory/api/npm/npm-repo/mimic-response/-/mimic-response-3.1.0.tgz",
          "integrity": "sha1-LR1Zr5wbEpgVrMwsRqAipc4fo8k="
        }
      }
    },
    "defer-to-connect": {
      "version": "2.0.1",
      "resolved": "https://globaldevtools.bbva.com/artifactory/api/npm/npm-repo/defer-to-connect/-/defer-to-connect-2.0.1.tgz",
      "integrity": "sha1-gBa9tBQ+RjK3ejRJxiNid95SBYc="
    },
    "depd": {
      "version": "1.1.2",
      "resolved": "https://globaldevtools.bbva.com/artifactory/api/npm/npm-repo/depd/-/depd-1.1.2.tgz",
      "integrity": "sha1-m81S4UwJd2PnSbJ0xDRu0uVgtak="
    },
    "destroy": {
      "version": "1.0.4",
      "resolved": "https://globaldevtools.bbva.com/artifactory/api/npm/npm-repo/destroy/-/destroy-1.0.4.tgz",
      "integrity": "sha1-l4hXRCxEdJ5CBmE+N5RiBYJqvYA="
    },
    "ee-first": {
      "version": "1.1.1",
      "resolved": "https://globaldevtools.bbva.com/artifactory/api/npm/npm-repo/ee-first/-/ee-first-1.1.1.tgz",
      "integrity": "sha1-WQxhFWsK4vTwJVcyoViyZrxWsh0="
    },
    "encodeurl": {
      "version": "1.0.2",
      "resolved": "https://globaldevtools.bbva.com/artifactory/api/npm/npm-repo/encodeurl/-/encodeurl-1.0.2.tgz",
      "integrity": "sha1-rT/0yG7C0CkyL1oCw6mmBslbP1k="
    },
    "end-of-stream": {
      "version": "1.4.4",
      "resolved": "https://globaldevtools.bbva.com/artifactory/api/npm/npm-repo/end-of-stream/-/end-of-stream-1.4.4.tgz",
      "integrity": "sha1-WuZKX0UFe682JuwU2gyl5LJDHrA=",
      "requires": {
        "once": "^1.4.0"
      }
    },
    "escape-html": {
      "version": "1.0.3",
      "resolved": "https://globaldevtools.bbva.com/artifactory/api/npm/npm-repo/escape-html/-/escape-html-1.0.3.tgz",
      "integrity": "sha1-Aljq5NPQwJdN4cFpGI7wBR0dGYg="
    },
    "etag": {
      "version": "1.8.1",
      "resolved": "https://globaldevtools.bbva.com/artifactory/api/npm/npm-repo/etag/-/etag-1.8.1.tgz",
      "integrity": "sha1-Qa4u62XvpiJorr/qg6x9eSmbCIc="
    },
    "express": {
      "version": "4.16.4",
      "resolved": "https://globaldevtools.bbva.com/artifactory/api/npm/npm-repo/express/-/express-4.16.4.tgz",
      "integrity": "sha1-/d72GSYQniTFFeqX/S8b2/Yt8S4=",
      "requires": {
        "accepts": "~1.3.5",
        "array-flatten": "1.1.1",
        "body-parser": "1.18.3",
        "content-disposition": "0.5.2",
        "content-type": "~1.0.4",
        "cookie": "0.3.1",
        "cookie-signature": "1.0.6",
        "debug": "2.6.9",
        "depd": "~1.1.2",
        "encodeurl": "~1.0.2",
        "escape-html": "~1.0.3",
        "etag": "~1.8.1",
        "finalhandler": "1.1.1",
        "fresh": "0.5.2",
        "merge-descriptors": "1.0.1",
        "methods": "~1.1.2",
        "on-finished": "~2.3.0",
        "parseurl": "~1.3.2",
        "path-to-regexp": "0.1.7",
        "proxy-addr": "~2.0.4",
        "qs": "6.5.2",
        "range-parser": "~1.2.0",
        "safe-buffer": "5.1.2",
        "send": "0.16.2",
        "serve-static": "1.13.2",
        "setprototypeof": "1.1.0",
        "statuses": "~1.4.0",
        "type-is": "~1.6.16",
        "utils-merge": "1.0.1",
        "vary": "~1.1.2"
      },
      "dependencies": {
        "cookie": {
          "version": "0.3.1",
          "resolved": "https://globaldevtools.bbva.com/artifactory/api/npm/npm-repo/cookie/-/cookie-0.3.1.tgz",
          "integrity": "sha1-5+Ch+e9DtMi6klxcWpboBtFoc7s="
        }
      }
    },
    "finalhandler": {
      "version": "1.1.1",
      "resolved": "https://globaldevtools.bbva.com/artifactory/api/npm/npm-repo/finalhandler/-/finalhandler-1.1.1.tgz",
      "integrity": "sha1-7r9O2EAHnIP0JJA4ydcDAIMBsQU=",
      "requires": {
        "debug": "2.6.9",
        "encodeurl": "~1.0.2",
        "escape-html": "~1.0.3",
        "on-finished": "~2.3.0",
        "parseurl": "~1.3.2",
        "statuses": "~1.4.0",
        "unpipe": "~1.0.0"
      }
    },
    "foreachasync": {
      "version": "3.0.0",
      "resolved": "https://globaldevtools.bbva.com/artifactory/api/npm/npm-repo/foreachasync/-/foreachasync-3.0.0.tgz",
      "integrity": "sha1-VQKYfchxS+M5IJfzLgBxyd7gfPY="
    },
    "forwarded": {
      "version": "0.2.0",
      "resolved": "https://globaldevtools.bbva.com/artifactory/api/npm/npm-repo/forwarded/-/forwarded-0.2.0.tgz",
      "integrity": "sha1-ImmTZCiq1MFcfr6XeahL8LKoGBE="
    },
    "fresh": {
      "version": "0.5.2",
      "resolved": "https://globaldevtools.bbva.com/artifactory/api/npm/npm-repo/fresh/-/fresh-0.5.2.tgz",
      "integrity": "sha1-PYyt2Q2XZWn6g1qx+OSyOhBWBac="
    },
    "get-stream": {
      "version": "5.2.0",
      "resolved": "https://globaldevtools.bbva.com/artifactory/api/npm/npm-repo/get-stream/-/get-stream-5.2.0.tgz",
      "integrity": "sha1-SWaheV7lrOZecGxLe+txJX1uItM=",
      "requires": {
        "pump": "^3.0.0"
      }
    },
    "got": {
      "version": "11.8.5",
      "resolved": "https://globaldevtools.bbva.com/artifactory/api/npm/npm-repo/got/-/got-11.8.5.tgz",
      "integrity": "sha1-znfQRRNt5W6PAkvruC6jSbxzAEY=",
      "requires": {
        "@sindresorhus/is": "^4.0.0",
        "@szmarczak/http-timer": "^4.0.5",
        "@types/cacheable-request": "^6.0.1",
        "@types/responselike": "^1.0.0",
        "cacheable-lookup": "^5.0.3",
        "cacheable-request": "^7.0.2",
        "decompress-response": "^6.0.0",
        "http2-wrapper": "^1.0.0-beta.5.2",
        "lowercase-keys": "^2.0.0",
        "p-cancelable": "^2.0.0",
        "responselike": "^2.0.0"
      }
    },
    "handlebars": {
      "version": "4.3.5",
      "resolved": "https://globaldevtools.bbva.com/artifactory/api/npm/npm-repo/handlebars/-/handlebars-4.3.5.tgz",
      "integrity": "sha1-1sLQoPCLRHnjlJ+DIcDziTu2kb4=",
      "requires": {
        "neo-async": "^2.6.0",
        "optimist": "^0.6.1",
        "source-map": "^0.6.1",
        "uglify-js": "^3.1.4"
      }
    },
    "hbs": {
      "version": "4.0.6",
      "resolved": "https://globaldevtools.bbva.com/artifactory/api/npm/npm-repo/hbs/-/hbs-4.0.6.tgz",
      "integrity": "sha1-MFQUTb05nMfTUaOcAWs6Usnhn10=",
      "requires": {
        "handlebars": "4.3.5",
        "walk": "2.3.14"
      }
    },
    "hn-latest-stream": {
      "version": "1.0.2",
      "resolved": "https://globaldevtools.bbva.com/artifactory/api/npm/npm-repo/hn-latest-stream/-/hn-latest-stream-1.0.2.tgz",
      "integrity": "sha1-veTw7BORcP/WYxmg+qijPv0S5GM=",
      "requires": {
        "got": "^11.5.2",
        "readable-stream": "^3.6.0"
      }
    },
    "http-cache-semantics": {
      "version": "4.1.0",
      "resolved": "https://globaldevtools.bbva.com/artifactory/api/npm/npm-repo/http-cache-semantics/-/http-cache-semantics-4.1.0.tgz",
      "integrity": "sha1-SekcXL82yblLz81xwj1SSex045A="
    },
    "http-errors": {
      "version": "1.6.3",
      "resolved": "https://globaldevtools.bbva.com/artifactory/api/npm/npm-repo/http-errors/-/http-errors-1.6.3.tgz",
      "integrity": "sha1-i1VoC7S+KDoLW/TqLjhYC+HZMg0=",
      "requires": {
        "depd": "~1.1.2",
        "inherits": "2.0.3",
        "setprototypeof": "1.1.0",
        "statuses": ">= 1.4.0 < 2"
      }
    },
    "http2-wrapper": {
      "version": "1.0.3",
      "resolved": "https://globaldevtools.bbva.com/artifactory/api/npm/npm-repo/http2-wrapper/-/http2-wrapper-1.0.3.tgz",
      "integrity": "sha1-uPVeDB8l1OvQizsMLAeflZCACz0=",
      "requires": {
        "quick-lru": "^5.1.1",
        "resolve-alpn": "^1.0.0"
      }
    },
    "iconv-lite": {
      "version": "0.4.23",
      "resolved": "https://globaldevtools.bbva.com/artifactory/api/npm/npm-repo/iconv-lite/-/iconv-lite-0.4.23.tgz",
      "integrity": "sha1-KXhx9jvlB63Pv8pxXQzQ7thOmmM=",
      "requires": {
        "safer-buffer": ">= 2.1.2 < 3"
      }
    },
    "inherits": {
      "version": "2.0.3",
      "resolved": "https://globaldevtools.bbva.com/artifactory/api/npm/npm-repo/inherits/-/inherits-2.0.3.tgz",
      "integrity": "sha1-Yzwsg+PaQqUC9SRmAiSA9CCCYd4="
    },
    "ipaddr.js": {
      "version": "1.9.1",
      "resolved": "https://globaldevtools.bbva.com/artifactory/api/npm/npm-repo/ipaddr.js/-/ipaddr.js-1.9.1.tgz",
      "integrity": "sha1-v/OFQ+64mEglB5/zoqjmy9RngbM="
    },
    "json-buffer": {
      "version": "3.0.1",
      "resolved": "https://globaldevtools.bbva.com/artifactory/api/npm/npm-repo/json-buffer/-/json-buffer-3.0.1.tgz",
      "integrity": "sha1-kziAKjDTtmBfvgYT4JQAjKjAWhM="
    },
    "keyv": {
      "version": "4.5.0",
      "resolved": "https://globaldevtools.bbva.com/artifactory/api/npm/npm-repo/keyv/-/keyv-4.5.0.tgz",
      "integrity": "sha1-286a3nlhC25kGppl8vZJm6Brm8Y=",
      "requires": {
        "json-buffer": "3.0.1"
      }
    },
    "lowercase-keys": {
      "version": "2.0.0",
      "resolved": "https://globaldevtools.bbva.com/artifactory/api/npm/npm-repo/lowercase-keys/-/lowercase-keys-2.0.0.tgz",
      "integrity": "sha1-JgPni3tLAAbLyi+8yKMgJVislHk="
    },
    "media-typer": {
      "version": "0.3.0",
      "resolved": "https://globaldevtools.bbva.com/artifactory/api/npm/npm-repo/media-typer/-/media-typer-0.3.0.tgz",
      "integrity": "sha1-hxDXrwqmJvj/+hzgAWhUUmMlV0g="
    },
    "merge-descriptors": {
      "version": "1.0.1",
      "resolved": "https://globaldevtools.bbva.com/artifactory/api/npm/npm-repo/merge-descriptors/-/merge-descriptors-1.0.1.tgz",
      "integrity": "sha1-sAqqVW3YtEVoFQ7J0blT8/kMu2E="
    },
    "methods": {
      "version": "1.1.2",
      "resolved": "https://globaldevtools.bbva.com/artifactory/api/npm/npm-repo/methods/-/methods-1.1.2.tgz",
      "integrity": "sha1-VSmk1nZUE07cxSZmVoNbD4Ua/O4="
    },
    "mime": {
      "version": "1.4.1",
      "resolved": "https://globaldevtools.bbva.com/artifactory/api/npm/npm-repo/mime/-/mime-1.4.1.tgz",
      "integrity": "sha1-Eh+evEnjdm8xGnbh+hyAA8SwOqY="
    },
    "mime-db": {
      "version": "1.52.0",
      "resolved": "https://globaldevtools.bbva.com/artifactory/api/npm/npm-repo/mime-db/-/mime-db-1.52.0.tgz",
      "integrity": "sha1-u6vNwChZ9JhzAchW4zh85exDv3A="
    },
    "mime-types": {
      "version": "2.1.35",
      "resolved": "https://globaldevtools.bbva.com/artifactory/api/npm/npm-repo/mime-types/-/mime-types-2.1.35.tgz",
      "integrity": "sha1-OBqHG2KnNEUGYK497uRIE/cNlZo=",
      "requires": {
        "mime-db": "1.52.0"
      }
    },
    "mimic-response": {
      "version": "1.0.1",
      "resolved": "https://globaldevtools.bbva.com/artifactory/api/npm/npm-repo/mimic-response/-/mimic-response-1.0.1.tgz",
      "integrity": "sha1-SSNTiHju9CBjy4o+OweYeBSHqxs="
    },
    "minimist": {
      "version": "0.0.10",
      "resolved": "https://globaldevtools.bbva.com/artifactory/api/npm/npm-repo/minimist/-/minimist-0.0.10.tgz",
      "integrity": "sha1-3j+YVD2/lggr5IrRoMfNqDYwHc8="
    },
    "morgan": {
      "version": "1.9.1",
      "resolved": "https://globaldevtools.bbva.com/artifactory/api/npm/npm-repo/morgan/-/morgan-1.9.1.tgz",
      "integrity": "sha1-Co0Wc0odmvvIJLmd+H5zjlji2lk=",
      "requires": {
        "basic-auth": "~2.0.0",
        "debug": "2.6.9",
        "depd": "~1.1.2",
        "on-finished": "~2.3.0",
        "on-headers": "~1.0.1"
      }
    },
    "ms": {
      "version": "2.0.0",
      "resolved": "https://globaldevtools.bbva.com/artifactory/api/npm/npm-repo/ms/-/ms-2.0.0.tgz",
      "integrity": "sha1-VgiurfwAvmwpAd9fmGF4jeDVl8g="
    },
    "negotiator": {
      "version": "0.6.3",
      "resolved": "https://globaldevtools.bbva.com/artifactory/api/npm/npm-repo/negotiator/-/negotiator-0.6.3.tgz",
      "integrity": "sha1-WOMjpy/twNb5zU0x/kn1FHlZDM0="
    },
    "neo-async": {
      "version": "2.6.2",
      "resolved": "https://globaldevtools.bbva.com/artifactory/api/npm/npm-repo/neo-async/-/neo-async-2.6.2.tgz",
      "integrity": "sha1-tKr7k+OustgXTKU88WOrfXMIMF8="
    },
    "normalize-url": {
      "version": "6.1.0",
      "resolved": "https://globaldevtools.bbva.com/artifactory/api/npm/npm-repo/normalize-url/-/normalize-url-6.1.0.tgz",
      "integrity": "sha1-QNCIW1Nd7/4/MUe+yHfQX+TFZoo="
    },
    "on-finished": {
      "version": "2.3.0",
      "resolved": "https://globaldevtools.bbva.com/artifactory/api/npm/npm-repo/on-finished/-/on-finished-2.3.0.tgz",
      "integrity": "sha1-IPEzZIGwg811M3mSoWlxqi2QaUc=",
      "requires": {
        "ee-first": "1.1.1"
      }
    },
    "on-headers": {
      "version": "1.0.2",
      "resolved": "https://globaldevtools.bbva.com/artifactory/api/npm/npm-repo/on-headers/-/on-headers-1.0.2.tgz",
      "integrity": "sha1-dysK5qqlJcOZ5Imt+tkMQD6zwo8="
    },
    "once": {
      "version": "1.4.0",
      "resolved": "https://globaldevtools.bbva.com/artifactory/api/npm/npm-repo/once/-/once-1.4.0.tgz",
      "integrity": "sha1-WDsap3WWHUsROsF9nFC6753Xa9E=",
      "requires": {
        "wrappy": "1"
      }
    },
    "optimist": {
      "version": "0.6.1",
      "resolved": "https://globaldevtools.bbva.com/artifactory/api/npm/npm-repo/optimist/-/optimist-0.6.1.tgz",
      "integrity": "sha1-2j6nRob6IaGaERwybpDrFaAZZoY=",
      "requires": {
        "minimist": "~0.0.1",
        "wordwrap": "~0.0.2"
      }
    },
    "p-cancelable": {
      "version": "2.1.1",
      "resolved": "https://globaldevtools.bbva.com/artifactory/api/npm/npm-repo/p-cancelable/-/p-cancelable-2.1.1.tgz",
      "integrity": "sha1-qrf71BZYL6MqPbSYWcEiSHxe0s8="
    },
    "parseurl": {
      "version": "1.3.3",
      "resolved": "https://globaldevtools.bbva.com/artifactory/api/npm/npm-repo/parseurl/-/parseurl-1.3.3.tgz",
      "integrity": "sha1-naGee+6NEt/wUT7Vt2lXeTvC6NQ="
    },
    "path-to-regexp": {
      "version": "0.1.7",
      "resolved": "https://globaldevtools.bbva.com/artifactory/api/npm/npm-repo/path-to-regexp/-/path-to-regexp-0.1.7.tgz",
      "integrity": "sha1-32BBeABfUi8V60SQ5yR6G/qmf4w="
    },
    "proxy-addr": {
      "version": "2.0.7",
      "resolved": "https://globaldevtools.bbva.com/artifactory/api/npm/npm-repo/proxy-addr/-/proxy-addr-2.0.7.tgz",
      "integrity": "sha1-8Z/mnOqzEe65S0LnDowgcPm6ECU=",
      "requires": {
        "forwarded": "0.2.0",
        "ipaddr.js": "1.9.1"
      }
    },
    "pump": {
      "version": "3.0.0",
      "resolved": "https://globaldevtools.bbva.com/artifactory/api/npm/npm-repo/pump/-/pump-3.0.0.tgz",
      "integrity": "sha1-tKIRaBW94vTh6mAjVOjHVWUQemQ=",
      "requires": {
        "end-of-stream": "^1.1.0",
        "once": "^1.3.1"
      }
    },
    "qs": {
      "version": "6.5.2",
      "resolved": "https://globaldevtools.bbva.com/artifactory/api/npm/npm-repo/qs/-/qs-6.5.2.tgz",
      "integrity": "sha1-yzroBuh0BERYTvFUzo7pjUA/PjY="
    },
    "quick-lru": {
      "version": "5.1.1",
      "resolved": "https://globaldevtools.bbva.com/artifactory/api/npm/npm-repo/quick-lru/-/quick-lru-5.1.1.tgz",
      "integrity": "sha1-NmST5rPkKjpoheLpnRj4D7eoyTI="
    },
    "range-parser": {
      "version": "1.2.1",
      "resolved": "https://globaldevtools.bbva.com/artifactory/api/npm/npm-repo/range-parser/-/range-parser-1.2.1.tgz",
      "integrity": "sha1-PPNwI9GZ4cJNGlW4SADC8+ZGgDE="
    },
    "raw-body": {
      "version": "2.3.3",
      "resolved": "https://globaldevtools.bbva.com/artifactory/api/npm/npm-repo/raw-body/-/raw-body-2.3.3.tgz",
      "integrity": "sha1-GzJOzmtXBuFThVvBFIxlu39uoMM=",
      "requires": {
        "bytes": "3.0.0",
        "http-errors": "1.6.3",
        "iconv-lite": "0.4.23",
        "unpipe": "1.0.0"
      }
    },
    "readable-stream": {
      "version": "3.6.0",
      "resolved": "https://globaldevtools.bbva.com/artifactory/api/npm/npm-repo/readable-stream/-/readable-stream-3.6.0.tgz",
      "integrity": "sha1-M3u9o63AcGvT4CRCaihtS0sskZg=",
      "requires": {
        "inherits": "^2.0.3",
        "string_decoder": "^1.1.1",
        "util-deprecate": "^1.0.1"
      }
    },
    "resolve-alpn": {
      "version": "1.2.1",
      "resolved": "https://globaldevtools.bbva.com/artifactory/api/npm/npm-repo/resolve-alpn/-/resolve-alpn-1.2.1.tgz",
      "integrity": "sha1-t629rDVGqq7CC0Xn2CZZJwcnJvk="
    },
    "responselike": {
      "version": "2.0.1",
      "resolved": "https://globaldevtools.bbva.com/artifactory/api/npm/npm-repo/responselike/-/responselike-2.0.1.tgz",
      "integrity": "sha1-mgvI/cJS8/scymiwFlkQWboUIrw=",
      "requires": {
        "lowercase-keys": "^2.0.0"
      }
    },
    "safe-buffer": {
      "version": "5.1.2",
      "resolved": "https://globaldevtools.bbva.com/artifactory/api/npm/npm-repo/safe-buffer/-/safe-buffer-5.1.2.tgz",
      "integrity": "sha1-mR7GnSluAxN0fVm9/St0XDX4go0="
    },
    "safer-buffer": {
      "version": "2.1.2",
      "resolved": "https://globaldevtools.bbva.com/artifactory/api/npm/npm-repo/safer-buffer/-/safer-buffer-2.1.2.tgz",
      "integrity": "sha1-RPoWGwGHuVSd2Eu5GAL5vYOFzWo="
    },
    "send": {
      "version": "0.16.2",
      "resolved": "https://globaldevtools.bbva.com/artifactory/api/npm/npm-repo/send/-/send-0.16.2.tgz",
      "integrity": "sha1-bsyh4PjBVtFBWXVZhI32RzCmu8E=",
      "requires": {
        "debug": "2.6.9",
        "depd": "~1.1.2",
        "destroy": "~1.0.4",
        "encodeurl": "~1.0.2",
        "escape-html": "~1.0.3",
        "etag": "~1.8.1",
        "fresh": "0.5.2",
        "http-errors": "~1.6.2",
        "mime": "1.4.1",
        "ms": "2.0.0",
        "on-finished": "~2.3.0",
        "range-parser": "~1.2.0",
        "statuses": "~1.4.0"
      }
    },
    "serve-static": {
      "version": "1.13.2",
      "resolved": "https://globaldevtools.bbva.com/artifactory/api/npm/npm-repo/serve-static/-/serve-static-1.13.2.tgz",
      "integrity": "sha1-CV6Ecv1bRiN9tQzkhqQ/S4bGzsE=",
      "requires": {
        "encodeurl": "~1.0.2",
        "escape-html": "~1.0.3",
        "parseurl": "~1.3.2",
        "send": "0.16.2"
      }
    },
    "setprototypeof": {
      "version": "1.1.0",
      "resolved": "https://globaldevtools.bbva.com/artifactory/api/npm/npm-repo/setprototypeof/-/setprototypeof-1.1.0.tgz",
      "integrity": "sha1-0L2FU2iHtv58DYGMuWLZ2RxU5lY="
    },
    "source-map": {
      "version": "0.6.1",
      "resolved": "https://globaldevtools.bbva.com/artifactory/api/npm/npm-repo/source-map/-/source-map-0.6.1.tgz",
      "integrity": "sha1-dHIq8y6WFOnCh6jQu95IteLxomM="
    },
    "statuses": {
      "version": "1.4.0",
      "resolved": "https://globaldevtools.bbva.com/artifactory/api/npm/npm-repo/statuses/-/statuses-1.4.0.tgz",
      "integrity": "sha1-u3PURtonlhBu/MG2AaJT1sRr0Ic="
    },
    "string_decoder": {
      "version": "1.3.0",
      "resolved": "https://globaldevtools.bbva.com/artifactory/api/npm/npm-repo/string_decoder/-/string_decoder-1.3.0.tgz",
      "integrity": "sha1-QvEUWUpGzxqOMLCoT1bHjD7awh4=",
      "requires": {
        "safe-buffer": "~5.2.0"
      },
      "dependencies": {
        "safe-buffer": {
          "version": "5.2.1",
          "resolved": "https://globaldevtools.bbva.com/artifactory/api/npm/npm-repo/safe-buffer/-/safe-buffer-5.2.1.tgz",
          "integrity": "sha1-Hq+fqb2x/dTsdfWPnNtOa3gn7sY="
        }
      }
    },
    "type-is": {
      "version": "1.6.18",
      "resolved": "https://globaldevtools.bbva.com/artifactory/api/npm/npm-repo/type-is/-/type-is-1.6.18.tgz",
      "integrity": "sha1-TlUs0F3wlGfcvE73Od6J8s83wTE=",
      "requires": {
        "media-typer": "0.3.0",
        "mime-types": "~2.1.24"
      }
    },
    "uglify-js": {
      "version": "3.17.3",
      "resolved": "https://globaldevtools.bbva.com/artifactory/api/npm/npm-repo/uglify-js/-/uglify-js-3.17.3.tgz",
      "integrity": "sha1-8P7t8BnEUQ8WQJno1+cv8tcwQ3c=",
      "optional": true
    },
    "unpipe": {
      "version": "1.0.0",
      "resolved": "https://globaldevtools.bbva.com/artifactory/api/npm/npm-repo/unpipe/-/unpipe-1.0.0.tgz",
      "integrity": "sha1-sr9O6FFKrmFltIF4KdIbLvSZBOw="
    },
    "util-deprecate": {
      "version": "1.0.2",
      "resolved": "https://globaldevtools.bbva.com/artifactory/api/npm/npm-repo/util-deprecate/-/util-deprecate-1.0.2.tgz",
      "integrity": "sha1-RQ1Nyfpw3nMnYvvS1KKJgUGaDM8="
    },
    "utils-merge": {
      "version": "1.0.1",
      "resolved": "https://globaldevtools.bbva.com/artifactory/api/npm/npm-repo/utils-merge/-/utils-merge-1.0.1.tgz",
      "integrity": "sha1-n5VxD1CiZ5R7LMwSR0HBAoQn5xM="
    },
    "vary": {
      "version": "1.1.2",
      "resolved": "https://globaldevtools.bbva.com/artifactory/api/npm/npm-repo/vary/-/vary-1.1.2.tgz",
      "integrity": "sha1-IpnwLG3tMNSllhsLn3RSShj2NPw="
    },
    "walk": {
      "version": "2.3.14",
      "resolved": "https://globaldevtools.bbva.com/artifactory/api/npm/npm-repo/walk/-/walk-2.3.14.tgz",
      "integrity": "sha1-YOyGMc/SMnauHnNjzhHWJkUuHvM=",
      "requires": {
        "foreachasync": "^3.0.0"
      }
    },
    "wordwrap": {
      "version": "0.0.3",
      "resolved": "https://globaldevtools.bbva.com/artifactory/api/npm/npm-repo/wordwrap/-/wordwrap-0.0.3.tgz",
      "integrity": "sha1-o9XabNXAvAAI03I0u68b7WMFkQc="
    },
    "wrappy": {
      "version": "1.0.2",
      "resolved": "https://globaldevtools.bbva.com/artifactory/api/npm/npm-repo/wrappy/-/wrappy-1.0.2.tgz",
      "integrity": "sha1-tSQ9jz7BqjXxNkYFvA0QNuMKtp8="
    }
  }
}
